{
  "nodes": {
    "catppuccin-alacritty": {
      "flake": false,
      "locked": {
        "lastModified": 1705368763,
        "narHash": "sha256-ypYaxlsDjI++6YNcE+TxBSnlUXKKuAMmLQ4H74T/eLw=",
        "owner": "catppuccin",
        "repo": "alacritty",
        "rev": "f2da554ee63690712274971dd9ce0217895f5ee0",
        "type": "github"
      },
      "original": {
        "owner": "catppuccin",
        "repo": "alacritty",
        "type": "github"
      }
    },
    "catppuccin-grub": {
      "flake": false,
      "locked": {
        "lastModified": 1672329233,
        "narHash": "sha256-/bSolCta8GCZ4lP0u5NVqYQ9Y3ZooYCNdTwORNvR7M0=",
        "owner": "catppuccin",
        "repo": "grub",
        "rev": "803c5df0e83aba61668777bb96d90ab8f6847106",
        "type": "github"
      },
      "original": {
        "owner": "catppuccin",
        "repo": "grub",
        "type": "github"
      }
    },
    "catppuccin-hyprland": {
      "flake": false,
      "locked": {
        "lastModified": 1702668781,
        "narHash": "sha256-9BhZq9J1LmHfAPBqOr64chiAEzS+YV6zqe9ma95V3no=",
        "owner": "catppuccin",
        "repo": "hyprland",
        "rev": "fc228737d3d0c12e34a7fa155a0fc3192e5e4017",
        "type": "github"
      },
      "original": {
        "owner": "catppuccin",
        "repo": "hyprland",
        "type": "github"
      }
    },
    "catppuccin-rofi": {
      "flake": false,
      "locked": {
        "lastModified": 1672491652,
        "narHash": "sha256-DNorfyl3C4RBclF2KDgwvQQwixpTwSRu7fIvihPN8JY=",
        "owner": "catppuccin",
        "repo": "rofi",
        "rev": "5350da41a11814f950c3354f090b90d4674a95ce",
        "type": "github"
      },
      "original": {
        "owner": "catppuccin",
        "repo": "rofi",
        "type": "github"
      }
    },
    "catppuccin-swaylock": {
      "flake": false,
      "locked": {
        "lastModified": 1705455043,
        "narHash": "sha256-e17JVWyj+ES9qII8Ukj6JxZh4bWUK+gOKsTvUIu3Qq4=",
        "owner": "catppuccin",
        "repo": "swaylock",
        "rev": "ac089b8b8ae7852816fa709f6d97659221b75e18",
        "type": "github"
      },
      "original": {
        "owner": "catppuccin",
        "repo": "swaylock",
        "type": "github"
      }
    },
    "catppuccin-waybar": {
      "flake": false,
      "locked": {
        "lastModified": 1678438606,
        "narHash": "sha256-WLJMA2X20E5PCPg0ZPtSop0bfmu+pLImP9t8A8V4QK8=",
        "owner": "catppuccin",
        "repo": "waybar",
        "rev": "f74ab1eecf2dcaf22569b396eed53b2b2fbe8aff",
        "type": "github"
      },
      "original": {
        "owner": "catppuccin",
        "repo": "waybar",
        "type": "github"
      }
    },
    "catppuccin-zsh-syntax-highlighting": {
      "flake": false,
      "locked": {
        "lastModified": 1665638423,
        "narHash": "sha256-Q7KmwUd9fblprL55W0Sf4g7lRcemnhjh4/v+TacJSfo=",
        "owner": "catppuccin",
        "repo": "zsh-syntax-highlighting",
        "rev": "06d519c20798f0ebe275fc3a8101841faaeee8ea",
        "type": "github"
      },
      "original": {
        "owner": "catppuccin",
        "repo": "zsh-syntax-highlighting",
        "type": "github"
      }
    },
    "gdb-ptrfind": {
      "flake": false,
      "locked": {
        "lastModified": 1707592156,
        "narHash": "sha256-xdhZc3btHfEU2+fIF8aaiHcwa8SRT6D1W8pVq7fsnnA=",
        "owner": "ChaChaNop-Slide",
        "repo": "ptrfind",
        "rev": "44fb1fcee69591c141e287685859942871e433c3",
        "type": "github"
      },
      "original": {
        "owner": "ChaChaNop-Slide",
        "repo": "ptrfind",
        "type": "github"
      }
    },
    "home-manager": {
      "inputs": {
        "nixpkgs": [
          "nixpkgs"
        ]
      },
      "locked": {
        "lastModified": 1708294481,
        "narHash": "sha256-DZtxmeb4OR7iCaKUUuq05ADV2rX8WReZEF7Tq//W0+Y=",
        "owner": "nix-community",
        "repo": "home-manager",
        "rev": "a54e05bc12d88ff2df941d0dc1183cb5235fa438",
        "type": "github"
      },
      "original": {
        "owner": "nix-community",
        "repo": "home-manager",
        "type": "github"
      }
    },
    "nixpkgs": {
      "locked": {
        "lastModified": 1708296515,
        "narHash": "sha256-FyF489fYNAUy7b6dkYV6rGPyzp+4tThhr80KNAaF/yY=",
        "owner": "nixos",
        "repo": "nixpkgs",
        "rev": "b98a4e1746acceb92c509bc496ef3d0e5ad8d4aa",
        "type": "github"
      },
      "original": {
        "owner": "nixos",
        "ref": "nixos-unstable",
        "repo": "nixpkgs",
        "type": "github"
      }
    },
    "root": {
      "inputs": {
        "catppuccin-alacritty": "catppuccin-alacritty",
        "catppuccin-grub": "catppuccin-grub",
        "catppuccin-hyprland": "catppuccin-hyprland",
        "catppuccin-rofi": "catppuccin-rofi",
        "catppuccin-swaylock": "catppuccin-swaylock",
        "catppuccin-waybar": "catppuccin-waybar",
        "catppuccin-zsh-syntax-highlighting": "catppuccin-zsh-syntax-highlighting",
        "gdb-ptrfind": "gdb-ptrfind",
        "home-manager": "home-manager",
        "nixpkgs": "nixpkgs",
        "zsh-nix-shell": "zsh-nix-shell"
      }
    },
    "zsh-nix-shell": {
      "flake": false,
      "locked": {
        "lastModified": 1704028593,
        "narHash": "sha256-Rtg8kWVLhXRuD2/Ctbtgz9MQCtKZOLpAIdommZhXKdE=",
        "owner": "chisui",
        "repo": "zsh-nix-shell",
        "rev": "82ca15e638cc208e6d8368e34a1625ed75e08f90",
        "type": "github"
      },
      "original": {
        "owner": "chisui",
        "repo": "zsh-nix-shell",
        "type": "github"
      }
    }
  },
  "root": "root",
  "version": 7
}
